
Microsoft Visual Studio Solution File, Format Version 12.00
# Visual Studio Version 17
VisualStudioVersion = 17.4.33205.214
MinimumVisualStudioVersion = 10.0.40219.1
Project("{9A19103F-16F7-4668-BE54-9A1E7A4F7556}") = "Playlist.Api", "Playlist.Api\Playlist.Api.csproj", "{63827759-B92D-4A54-877B-6158D0653324}"
EndProject
Project("{9A19103F-16F7-4668-BE54-9A1E7A4F7556}") = "Playlist.Test", "Playlist.Test\Playlist.Test.csproj", "{6299CAAB-6B38-46C0-9998-8154295D4107}"
EndProject
Project("{FAE04EC0-301F-11D3-BF4B-00C04F79EFBC}") = "Playlist.Function", "ResetViews\Playlist.Function.csproj", "{36C04326-A55A-42CB-9DEA-8807C13406E8}"
EndProject
Global
	GlobalSection(SolutionConfigurationPlatforms) = preSolution
		Debug|Any CPU = Debug|Any CPU
		Release|Any CPU = Release|Any CPU
	EndGlobalSection
	GlobalSection(ProjectConfigurationPlatforms) = postSolution
		{63827759-B92D-4A54-877B-6158D0653324}.Debug|Any CPU.ActiveCfg = Debug|Any CPU
		{63827759-B92D-4A54-877B-6158D0653324}.Debug|Any CPU.Build.0 = Debug|Any CPU
		{63827759-B92D-4A54-877B-6158D0653324}.Release|Any CPU.ActiveCfg = Release|Any CPU
		{63827759-B92D-4A54-877B-6158D0653324}.Release|Any CPU.Build.0 = Release|Any CPU
		{6299CAAB-6B38-46C0-9998-8154295D4107}.Debug|Any CPU.ActiveCfg = Debug|Any CPU
		{6299CAAB-6B38-46C0-9998-8154295D4107}.Debug|Any CPU.Build.0 = Debug|Any CPU
		{6299CAAB-6B38-46C0-9998-8154295D4107}.Release|Any CPU.ActiveCfg = Release|Any CPU
		{6299CAAB-6B38-46C0-9998-8154295D4107}.Release|Any CPU.Build.0 = Release|Any CPU
		{36C04326-A55A-42CB-9DEA-8807C13406E8}.Debug|Any CPU.ActiveCfg = Debug|Any CPU
		{36C04326-A55A-42CB-9DEA-8807C13406E8}.Debug|Any CPU.Build.0 = Debug|Any CPU
		{36C04326-A55A-42CB-9DEA-8807C13406E8}.Release|Any CPU.ActiveCfg = Release|Any CPU
		{36C04326-A55A-42CB-9DEA-8807C13406E8}.Release|Any CPU.Build.0 = Release|Any CPU
	EndGlobalSection
	GlobalSection(SolutionProperties) = preSolution
		HideSolutionNode = FALSE
	EndGlobalSection
	GlobalSection(ExtensibilityGlobals) = postSolution
		SolutionGuid = {088C6992-31F1-44AE-862D-055AE3BF5B3E}
	EndGlobalSection
EndGlobal
